
Microsoft Visual Studio Solution File, Format Version 12.00
# Visual Studio Version 16
VisualStudioVersion = 16.0.31410.357
MinimumVisualStudioVersion = 10.0.40219.1
Project("{9A19103F-16F7-4668-BE54-9A1E7A4F7556}") = "Microservice1", "Microservice1.csproj", "{0CFDEE35-6A11-4823-904A-22A367595FB9}"
EndProject
Project("{2150E333-8FDC-42A3-9474-1A3956D46DE8}") = "Solution Items", "Solution Items", "{F4F63885-CDE9-408D-B6F0-41913D0CAD52}"
	ProjectSection(SolutionItems) = preProject
		..\K8s\Deployment.yaml = ..\K8s\Deployment.yaml
	EndProjectSection
EndProject
Global
	GlobalSection(SolutionConfigurationPlatforms) = preSolution
		Debug|Any CPU = Debug|Any CPU
		Release|Any CPU = Release|Any CPU
	EndGlobalSection
	GlobalSection(ProjectConfigurationPlatforms) = postSolution
		{0CFDEE35-6A11-4823-904A-22A367595FB9}.Debug|Any CPU.ActiveCfg = Debug|Any CPU
		{0CFDEE35-6A11-4823-904A-22A367595FB9}.Debug|Any CPU.Build.0 = Debug|Any CPU
		{0CFDEE35-6A11-4823-904A-22A367595FB9}.Release|Any CPU.ActiveCfg = Release|Any CPU
		{0CFDEE35-6A11-4823-904A-22A367595FB9}.Release|Any CPU.Build.0 = Release|Any CPU
	EndGlobalSection
	GlobalSection(SolutionProperties) = preSolution
		HideSolutionNode = FALSE
	EndGlobalSection
	GlobalSection(ExtensibilityGlobals) = postSolution
		SolutionGuid = {89737530-0FE2-42BF-9951-E7B687AB6708}
	EndGlobalSection
EndGlobal
